
Microsoft Visual Studio Solution File, Format Version 12.00
# Visual Studio 14
VisualStudioVersion = 14.0.23107.0
MinimumVisualStudioVersion = 10.0.40219.1
Project("{FAE04EC0-301F-11D3-BF4B-00C04F79EFBC}") = "CompanySampleDataImporter.Data", "CompanySampleDataImporter.Data\CompanySampleDataImporter.Data.csproj", "{4575587C-CB84-464C-A2DA-BEE48F476997}"
EndProject
Project("{FAE04EC0-301F-11D3-BF4B-00C04F79EFBC}") = "CompanySampleDataImporter.Importer", "CompanySampleDataImporter.Importer\CompanySampleDataImporter.Importer.csproj", "{665D4277-E124-4D14-9B90-A7555EEC824B}"
EndProject
Global
	GlobalSection(SolutionConfigurationPlatforms) = preSolution
		Debug|Any CPU = Debug|Any CPU
		Release|Any CPU = Release|Any CPU
	EndGlobalSection
	GlobalSection(ProjectConfigurationPlatforms) = postSolution
		{4575587C-CB84-464C-A2DA-BEE48F476997}.Debug|Any CPU.ActiveCfg = Debug|Any CPU
		{4575587C-CB84-464C-A2DA-BEE48F476997}.Debug|Any CPU.Build.0 = Debug|Any CPU
		{4575587C-CB84-464C-A2DA-BEE48F476997}.Release|Any CPU.ActiveCfg = Release|Any CPU
		{4575587C-CB84-464C-A2DA-BEE48F476997}.Release|Any CPU.Build.0 = Release|Any CPU
		{665D4277-E124-4D14-9B90-A7555EEC824B}.Debug|Any CPU.ActiveCfg = Debug|Any CPU
		{665D4277-E124-4D14-9B90-A7555EEC824B}.Debug|Any CPU.Build.0 = Debug|Any CPU
		{665D4277-E124-4D14-9B90-A7555EEC824B}.Release|Any CPU.ActiveCfg = Release|Any CPU
		{665D4277-E124-4D14-9B90-A7555EEC824B}.Release|Any CPU.Build.0 = Release|Any CPU
	EndGlobalSection
	GlobalSection(SolutionProperties) = preSolution
		HideSolutionNode = FALSE
	EndGlobalSection
EndGlobal
